{
  "requires": true,
  "lockfileVersion": 1,
  "dependencies": {
    "@owja/ioc": {
      "version": "1.0.1",
      "resolved": "https://registry.npmjs.org/@owja/ioc/-/ioc-1.0.1.tgz",
      "integrity": "sha512-rbg+SExgvu8YC+V4Dx9vzRJiAc5SutitJGJjIe8Mhuq06pPyV1Mvuh7lDd9DJiC9Yx1tTUQgd9B6p7udJhQGFg==",
      "dev": true
    }
  }
}
